
Microsoft Visual Studio Solution File, Format Version 12.00
# Visual Studio Version 17
VisualStudioVersion = 17.10.35027.167
MinimumVisualStudioVersion = 10.0.40219.1
Project("{FAE04EC0-301F-11D3-BF4B-00C04F79EFBC}") = "InventarioBack", "InventarioBack\InventarioBack.csproj", "{8A340619-E32A-4FF2-8AE8-27F4BC5A3C4F}"
EndProject
Project("{FAE04EC0-301F-11D3-BF4B-00C04F79EFBC}") = "InventarioControlador", "InventarioControlador\InventarioControlador.csproj", "{BCE471C6-BFA1-4865-AED2-E3A45BDA3BD6}"
EndProject
Project("{FAE04EC0-301F-11D3-BF4B-00C04F79EFBC}") = "InventarioFront", "InventarioFront\InventarioFront.csproj", "{16CE24E9-4412-4126-88D7-E70C26FE1888}"
EndProject
Global
	GlobalSection(SolutionConfigurationPlatforms) = preSolution
		Debug|Any CPU = Debug|Any CPU
		Release|Any CPU = Release|Any CPU
	EndGlobalSection
	GlobalSection(ProjectConfigurationPlatforms) = postSolution
		{8A340619-E32A-4FF2-8AE8-27F4BC5A3C4F}.Debug|Any CPU.ActiveCfg = Debug|Any CPU
		{8A340619-E32A-4FF2-8AE8-27F4BC5A3C4F}.Debug|Any CPU.Build.0 = Debug|Any CPU
		{8A340619-E32A-4FF2-8AE8-27F4BC5A3C4F}.Release|Any CPU.ActiveCfg = Release|Any CPU
		{8A340619-E32A-4FF2-8AE8-27F4BC5A3C4F}.Release|Any CPU.Build.0 = Release|Any CPU
		{BCE471C6-BFA1-4865-AED2-E3A45BDA3BD6}.Debug|Any CPU.ActiveCfg = Debug|Any CPU
		{BCE471C6-BFA1-4865-AED2-E3A45BDA3BD6}.Debug|Any CPU.Build.0 = Debug|Any CPU
		{BCE471C6-BFA1-4865-AED2-E3A45BDA3BD6}.Release|Any CPU.ActiveCfg = Release|Any CPU
		{BCE471C6-BFA1-4865-AED2-E3A45BDA3BD6}.Release|Any CPU.Build.0 = Release|Any CPU
		{16CE24E9-4412-4126-88D7-E70C26FE1888}.Debug|Any CPU.ActiveCfg = Debug|Any CPU
		{16CE24E9-4412-4126-88D7-E70C26FE1888}.Debug|Any CPU.Build.0 = Debug|Any CPU
		{16CE24E9-4412-4126-88D7-E70C26FE1888}.Release|Any CPU.ActiveCfg = Release|Any CPU
		{16CE24E9-4412-4126-88D7-E70C26FE1888}.Release|Any CPU.Build.0 = Release|Any CPU
	EndGlobalSection
	GlobalSection(SolutionProperties) = preSolution
		HideSolutionNode = FALSE
	EndGlobalSection
	GlobalSection(ExtensibilityGlobals) = postSolution
		SolutionGuid = {A02742BB-F9FD-4CC0-98DB-91BC84DB2156}
	EndGlobalSection
EndGlobal
